
Microsoft Visual Studio Solution File, Format Version 12.00
# Visual Studio 2012
Project("{FAE04EC0-301F-11D3-BF4B-00C04F79EFBC}") = "AlgoChess", "AlgoChess\AlgoChess.csproj", "{D43FDEDA-7D10-4EDC-AE14-CAD0800C7847}"
EndProject
Project("{FAE04EC0-301F-11D3-BF4B-00C04F79EFBC}") = "ChessHelper", "ChessHelper\ChessHelper.csproj", "{2C5F0663-A516-426B-B558-724694BAB56A}"
EndProject
Global
	GlobalSection(SolutionConfigurationPlatforms) = preSolution
		Debug|Any CPU = Debug|Any CPU
		Release|Any CPU = Release|Any CPU
	EndGlobalSection
	GlobalSection(ProjectConfigurationPlatforms) = postSolution
		{D43FDEDA-7D10-4EDC-AE14-CAD0800C7847}.Debug|Any CPU.ActiveCfg = Debug|Any CPU
		{D43FDEDA-7D10-4EDC-AE14-CAD0800C7847}.Debug|Any CPU.Build.0 = Debug|Any CPU
		{D43FDEDA-7D10-4EDC-AE14-CAD0800C7847}.Release|Any CPU.ActiveCfg = Release|Any CPU
		{D43FDEDA-7D10-4EDC-AE14-CAD0800C7847}.Release|Any CPU.Build.0 = Release|Any CPU
		{2C5F0663-A516-426B-B558-724694BAB56A}.Debug|Any CPU.ActiveCfg = Debug|Any CPU
		{2C5F0663-A516-426B-B558-724694BAB56A}.Debug|Any CPU.Build.0 = Debug|Any CPU
		{2C5F0663-A516-426B-B558-724694BAB56A}.Release|Any CPU.ActiveCfg = Release|Any CPU
		{2C5F0663-A516-426B-B558-724694BAB56A}.Release|Any CPU.Build.0 = Release|Any CPU
	EndGlobalSection
	GlobalSection(SolutionProperties) = preSolution
		HideSolutionNode = FALSE
	EndGlobalSection
EndGlobal
